
Microsoft Visual Studio Solution File, Format Version 12.00
# Visual Studio Version 17
VisualStudioVersion = 17.5.33530.505
MinimumVisualStudioVersion = 10.0.40219.1
Project("{9A19103F-16F7-4668-BE54-9A1E7A4F7556}") = "FlappyBirds", "FlappyBirds.csproj", "{DCE1DB69-E7F0-4692-A35B-DDB1618437B5}"
EndProject
Global
	GlobalSection(SolutionConfigurationPlatforms) = preSolution
		Debug|Any CPU = Debug|Any CPU
		Release|Any CPU = Release|Any CPU
	EndGlobalSection
	GlobalSection(ProjectConfigurationPlatforms) = postSolution
		{DCE1DB69-E7F0-4692-A35B-DDB1618437B5}.Debug|Any CPU.ActiveCfg = Debug|Any CPU
		{DCE1DB69-E7F0-4692-A35B-DDB1618437B5}.Debug|Any CPU.Build.0 = Debug|Any CPU
		{DCE1DB69-E7F0-4692-A35B-DDB1618437B5}.Release|Any CPU.ActiveCfg = Release|Any CPU
		{DCE1DB69-E7F0-4692-A35B-DDB1618437B5}.Release|Any CPU.Build.0 = Release|Any CPU
	EndGlobalSection
	GlobalSection(SolutionProperties) = preSolution
		HideSolutionNode = FALSE
	EndGlobalSection
	GlobalSection(ExtensibilityGlobals) = postSolution
		SolutionGuid = {167D85EB-A985-4A08-8749-9E37841D7F8B}
	EndGlobalSection
EndGlobal
